
Microsoft Visual Studio Solution File, Format Version 12.00
# Visual Studio Version 17
VisualStudioVersion = 17.2.32505.173
MinimumVisualStudioVersion = 10.0.40219.1
Project("{8BC9CEB8-8B4A-11D0-8D11-00A0C91BC942}") = "TBCpp_Chapter1_14", "TBCpp_Chapter1_14\TBCpp_Chapter1_14.vcxproj", "{CB2B6615-691A-4D0F-BC32-6DEEB0BF934B}"
EndProject
Project("{8BC9CEB8-8B4A-11D0-8D11-00A0C91BC942}") = "HelloWorld", "HelloWorld\HelloWorld.vcxproj", "{1A064EE6-3575-4163-A37B-BB8A59CDE448}"
EndProject
Project("{8BC9CEB8-8B4A-11D0-8D11-00A0C91BC942}") = "CodeUp1012", "CodeUp1012\CodeUp1012.vcxproj", "{3FBF7772-DBA4-4D51-B1EE-D8B8EB904155}"
EndProject
Project("{8BC9CEB8-8B4A-11D0-8D11-00A0C91BC942}") = "CodeUp1015", "CodeUp1015\CodeUp1015.vcxproj", "{182772F6-BF29-4BD7-83BB-204EE4260F7A}"
EndProject
Project("{8BC9CEB8-8B4A-11D0-8D11-00A0C91BC942}") = "CodeUp1018", "CodeUp1018\CodeUp1018.vcxproj", "{4A6AA6CD-2FD0-44C0-A171-08BDA38A6E04}"
EndProject
Project("{8BC9CEB8-8B4A-11D0-8D11-00A0C91BC942}") = "CodeUp1019", "CodeUp1019\CodeUp1019.vcxproj", "{250F0CFF-3D3D-4654-BE82-DC8B1BB768F9}"
EndProject
Project("{8BC9CEB8-8B4A-11D0-8D11-00A0C91BC942}") = "CodeUp1020", "CodeUp1020\CodeUp1020.vcxproj", "{E0976773-CF5C-4802-8B1E-3C8DAA95BF1B}"
EndProject
Project("{8BC9CEB8-8B4A-11D0-8D11-00A0C91BC942}") = "CodeUp1021", "CodeUp1021\CodeUp1021.vcxproj", "{3A83BC71-EDCF-465A-A707-E84E6A6441CE}"
EndProject
Project("{8BC9CEB8-8B4A-11D0-8D11-00A0C91BC942}") = "CodeUp1022", "CodeUp1022\CodeUp1022.vcxproj", "{CD71FAE0-4FC8-490E-B8CD-970602C6C848}"
EndProject
Project("{8BC9CEB8-8B4A-11D0-8D11-00A0C91BC942}") = "CodeUp1023", "CodeUp1023\CodeUp1023.vcxproj", "{C378B5C6-D44F-44F1-A022-96BDA487C9FF}"
EndProject
Global
	GlobalSection(SolutionConfigurationPlatforms) = preSolution
		Debug|x64 = Debug|x64
		Debug|x86 = Debug|x86
		Release|x64 = Release|x64
		Release|x86 = Release|x86
	EndGlobalSection
	GlobalSection(ProjectConfigurationPlatforms) = postSolution
		{CB2B6615-691A-4D0F-BC32-6DEEB0BF934B}.Debug|x64.ActiveCfg = Debug|x64
		{CB2B6615-691A-4D0F-BC32-6DEEB0BF934B}.Debug|x64.Build.0 = Debug|x64
		{CB2B6615-691A-4D0F-BC32-6DEEB0BF934B}.Debug|x86.ActiveCfg = Debug|Win32
		{CB2B6615-691A-4D0F-BC32-6DEEB0BF934B}.Debug|x86.Build.0 = Debug|Win32
		{CB2B6615-691A-4D0F-BC32-6DEEB0BF934B}.Release|x64.ActiveCfg = Release|x64
		{CB2B6615-691A-4D0F-BC32-6DEEB0BF934B}.Release|x64.Build.0 = Release|x64
		{CB2B6615-691A-4D0F-BC32-6DEEB0BF934B}.Release|x86.ActiveCfg = Release|Win32
		{CB2B6615-691A-4D0F-BC32-6DEEB0BF934B}.Release|x86.Build.0 = Release|Win32
		{1A064EE6-3575-4163-A37B-BB8A59CDE448}.Debug|x64.ActiveCfg = Debug|x64
		{1A064EE6-3575-4163-A37B-BB8A59CDE448}.Debug|x64.Build.0 = Debug|x64
		{1A064EE6-3575-4163-A37B-BB8A59CDE448}.Debug|x86.ActiveCfg = Debug|Win32
		{1A064EE6-3575-4163-A37B-BB8A59CDE448}.Debug|x86.Build.0 = Debug|Win32
		{1A064EE6-3575-4163-A37B-BB8A59CDE448}.Release|x64.ActiveCfg = Release|x64
		{1A064EE6-3575-4163-A37B-BB8A59CDE448}.Release|x64.Build.0 = Release|x64
		{1A064EE6-3575-4163-A37B-BB8A59CDE448}.Release|x86.ActiveCfg = Release|Win32
		{1A064EE6-3575-4163-A37B-BB8A59CDE448}.Release|x86.Build.0 = Release|Win32
		{3FBF7772-DBA4-4D51-B1EE-D8B8EB904155}.Debug|x64.ActiveCfg = Debug|x64
		{3FBF7772-DBA4-4D51-B1EE-D8B8EB904155}.Debug|x64.Build.0 = Debug|x64
		{3FBF7772-DBA4-4D51-B1EE-D8B8EB904155}.Debug|x86.ActiveCfg = Debug|Win32
		{3FBF7772-DBA4-4D51-B1EE-D8B8EB904155}.Debug|x86.Build.0 = Debug|Win32
		{3FBF7772-DBA4-4D51-B1EE-D8B8EB904155}.Release|x64.ActiveCfg = Release|x64
		{3FBF7772-DBA4-4D51-B1EE-D8B8EB904155}.Release|x64.Build.0 = Release|x64
		{3FBF7772-DBA4-4D51-B1EE-D8B8EB904155}.Release|x86.ActiveCfg = Release|Win32
		{3FBF7772-DBA4-4D51-B1EE-D8B8EB904155}.Release|x86.Build.0 = Release|Win32
		{182772F6-BF29-4BD7-83BB-204EE4260F7A}.Debug|x64.ActiveCfg = Debug|x64
		{182772F6-BF29-4BD7-83BB-204EE4260F7A}.Debug|x64.Build.0 = Debug|x64
		{182772F6-BF29-4BD7-83BB-204EE4260F7A}.Debug|x86.ActiveCfg = Debug|Win32
		{182772F6-BF29-4BD7-83BB-204EE4260F7A}.Debug|x86.Build.0 = Debug|Win32
		{182772F6-BF29-4BD7-83BB-204EE4260F7A}.Release|x64.ActiveCfg = Release|x64
		{182772F6-BF29-4BD7-83BB-204EE4260F7A}.Release|x64.Build.0 = Release|x64
		{182772F6-BF29-4BD7-83BB-204EE4260F7A}.Release|x86.ActiveCfg = Release|Win32
		{182772F6-BF29-4BD7-83BB-204EE4260F7A}.Release|x86.Build.0 = Release|Win32
		{4A6AA6CD-2FD0-44C0-A171-08BDA38A6E04}.Debug|x64.ActiveCfg = Debug|x64
		{4A6AA6CD-2FD0-44C0-A171-08BDA38A6E04}.Debug|x64.Build.0 = Debug|x64
		{4A6AA6CD-2FD0-44C0-A171-08BDA38A6E04}.Debug|x86.ActiveCfg = Debug|Win32
		{4A6AA6CD-2FD0-44C0-A171-08BDA38A6E04}.Debug|x86.Build.0 = Debug|Win32
		{4A6AA6CD-2FD0-44C0-A171-08BDA38A6E04}.Release|x64.ActiveCfg = Release|x64
		{4A6AA6CD-2FD0-44C0-A171-08BDA38A6E04}.Release|x64.Build.0 = Release|x64
		{4A6AA6CD-2FD0-44C0-A171-08BDA38A6E04}.Release|x86.ActiveCfg = Release|Win32
		{4A6AA6CD-2FD0-44C0-A171-08BDA38A6E04}.Release|x86.Build.0 = Release|Win32
		{250F0CFF-3D3D-4654-BE82-DC8B1BB768F9}.Debug|x64.ActiveCfg = Debug|x64
		{250F0CFF-3D3D-4654-BE82-DC8B1BB768F9}.Debug|x64.Build.0 = Debug|x64
		{250F0CFF-3D3D-4654-BE82-DC8B1BB768F9}.Debug|x86.ActiveCfg = Debug|Win32
		{250F0CFF-3D3D-4654-BE82-DC8B1BB768F9}.Debug|x86.Build.0 = Debug|Win32
		{250F0CFF-3D3D-4654-BE82-DC8B1BB768F9}.Release|x64.ActiveCfg = Release|x64
		{250F0CFF-3D3D-4654-BE82-DC8B1BB768F9}.Release|x64.Build.0 = Release|x64
		{250F0CFF-3D3D-4654-BE82-DC8B1BB768F9}.Release|x86.ActiveCfg = Release|Win32
		{250F0CFF-3D3D-4654-BE82-DC8B1BB768F9}.Release|x86.Build.0 = Release|Win32
		{E0976773-CF5C-4802-8B1E-3C8DAA95BF1B}.Debug|x64.ActiveCfg = Debug|x64
		{E0976773-CF5C-4802-8B1E-3C8DAA95BF1B}.Debug|x64.Build.0 = Debug|x64
		{E0976773-CF5C-4802-8B1E-3C8DAA95BF1B}.Debug|x86.ActiveCfg = Debug|Win32
		{E0976773-CF5C-4802-8B1E-3C8DAA95BF1B}.Debug|x86.Build.0 = Debug|Win32
		{E0976773-CF5C-4802-8B1E-3C8DAA95BF1B}.Release|x64.ActiveCfg = Release|x64
		{E0976773-CF5C-4802-8B1E-3C8DAA95BF1B}.Release|x64.Build.0 = Release|x64
		{E0976773-CF5C-4802-8B1E-3C8DAA95BF1B}.Release|x86.ActiveCfg = Release|Win32
		{E0976773-CF5C-4802-8B1E-3C8DAA95BF1B}.Release|x86.Build.0 = Release|Win32
		{3A83BC71-EDCF-465A-A707-E84E6A6441CE}.Debug|x64.ActiveCfg = Debug|x64
		{3A83BC71-EDCF-465A-A707-E84E6A6441CE}.Debug|x64.Build.0 = Debug|x64
		{3A83BC71-EDCF-465A-A707-E84E6A6441CE}.Debug|x86.ActiveCfg = Debug|Win32
		{3A83BC71-EDCF-465A-A707-E84E6A6441CE}.Debug|x86.Build.0 = Debug|Win32
		{3A83BC71-EDCF-465A-A707-E84E6A6441CE}.Release|x64.ActiveCfg = Release|x64
		{3A83BC71-EDCF-465A-A707-E84E6A6441CE}.Release|x64.Build.0 = Release|x64
		{3A83BC71-EDCF-465A-A707-E84E6A6441CE}.Release|x86.ActiveCfg = Release|Win32
		{3A83BC71-EDCF-465A-A707-E84E6A6441CE}.Release|x86.Build.0 = Release|Win32
		{CD71FAE0-4FC8-490E-B8CD-970602C6C848}.Debug|x64.ActiveCfg = Debug|x64
		{CD71FAE0-4FC8-490E-B8CD-970602C6C848}.Debug|x64.Build.0 = Debug|x64
		{CD71FAE0-4FC8-490E-B8CD-970602C6C848}.Debug|x86.ActiveCfg = Debug|Win32
		{CD71FAE0-4FC8-490E-B8CD-970602C6C848}.Debug|x86.Build.0 = Debug|Win32
		{CD71FAE0-4FC8-490E-B8CD-970602C6C848}.Release|x64.ActiveCfg = Release|x64
		{CD71FAE0-4FC8-490E-B8CD-970602C6C848}.Release|x64.Build.0 = Release|x64
		{CD71FAE0-4FC8-490E-B8CD-970602C6C848}.Release|x86.ActiveCfg = Release|Win32
		{CD71FAE0-4FC8-490E-B8CD-970602C6C848}.Release|x86.Build.0 = Release|Win32
		{C378B5C6-D44F-44F1-A022-96BDA487C9FF}.Debug|x64.ActiveCfg = Debug|x64
		{C378B5C6-D44F-44F1-A022-96BDA487C9FF}.Debug|x64.Build.0 = Debug|x64
		{C378B5C6-D44F-44F1-A022-96BDA487C9FF}.Debug|x86.ActiveCfg = Debug|Win32
		{C378B5C6-D44F-44F1-A022-96BDA487C9FF}.Debug|x86.Build.0 = Debug|Win32
		{C378B5C6-D44F-44F1-A022-96BDA487C9FF}.Release|x64.ActiveCfg = Release|x64
		{C378B5C6-D44F-44F1-A022-96BDA487C9FF}.Release|x64.Build.0 = Release|x64
		{C378B5C6-D44F-44F1-A022-96BDA487C9FF}.Release|x86.ActiveCfg = Release|Win32
		{C378B5C6-D44F-44F1-A022-96BDA487C9FF}.Release|x86.Build.0 = Release|Win32
	EndGlobalSection
	GlobalSection(SolutionProperties) = preSolution
		HideSolutionNode = FALSE
	EndGlobalSection
	GlobalSection(ExtensibilityGlobals) = postSolution
		SolutionGuid = {AA6A8FC0-BC39-4729-8C46-5533902D2765}
	EndGlobalSection
EndGlobal
